
Microsoft Visual Studio Solution File, Format Version 12.00
# Visual Studio Version 17
VisualStudioVersion = 17.4.33110.190
MinimumVisualStudioVersion = 10.0.40219.1
Project("{9A19103F-16F7-4668-BE54-9A1E7A4F7556}") = "zaliczenie-.net", "zaliczenie-.net\zaliczenie-.net.csproj", "{4B99802C-F7B6-408C-A3CD-3B6834CA97E5}"
EndProject
Project("{FAE04EC0-301F-11D3-BF4B-00C04F79EFBC}") = "Lib.Tests", "Lib.Tests\Lib.Tests.csproj", "{E2DB93F8-1920-49BB-8942-5C7C95B49944}"
EndProject
Global
	GlobalSection(SolutionConfigurationPlatforms) = preSolution
		Debug|Any CPU = Debug|Any CPU
		Release|Any CPU = Release|Any CPU
	EndGlobalSection
	GlobalSection(ProjectConfigurationPlatforms) = postSolution
		{4B99802C-F7B6-408C-A3CD-3B6834CA97E5}.Debug|Any CPU.ActiveCfg = Debug|Any CPU
		{4B99802C-F7B6-408C-A3CD-3B6834CA97E5}.Debug|Any CPU.Build.0 = Debug|Any CPU
		{4B99802C-F7B6-408C-A3CD-3B6834CA97E5}.Release|Any CPU.ActiveCfg = Release|Any CPU
		{4B99802C-F7B6-408C-A3CD-3B6834CA97E5}.Release|Any CPU.Build.0 = Release|Any CPU
		{E2DB93F8-1920-49BB-8942-5C7C95B49944}.Debug|Any CPU.ActiveCfg = Debug|Any CPU
		{E2DB93F8-1920-49BB-8942-5C7C95B49944}.Debug|Any CPU.Build.0 = Debug|Any CPU
		{E2DB93F8-1920-49BB-8942-5C7C95B49944}.Release|Any CPU.ActiveCfg = Release|Any CPU
		{E2DB93F8-1920-49BB-8942-5C7C95B49944}.Release|Any CPU.Build.0 = Release|Any CPU
	EndGlobalSection
	GlobalSection(SolutionProperties) = preSolution
		HideSolutionNode = FALSE
	EndGlobalSection
	GlobalSection(ExtensibilityGlobals) = postSolution
		SolutionGuid = {3D46E2E2-D798-498E-B6C1-14861EF7D982}
	EndGlobalSection
EndGlobal
